
Microsoft Visual Studio Solution File, Format Version 12.00
# Visual Studio Version 17
VisualStudioVersion = 17.3.32825.248
MinimumVisualStudioVersion = 10.0.40219.1
Project("{FAE04EC0-301F-11D3-BF4B-00C04F79EFBC}") = "Tumak", "Tumak\Tumak.csproj", "{B0F52BF5-A74A-470E-B3DA-F948416F6103}"
EndProject
Project("{FAE04EC0-301F-11D3-BF4B-00C04F79EFBC}") = "DZ", "DZ\DZ.csproj", "{A79E0972-083E-424A-B0D5-7DE048A9F2A8}"
EndProject
Global
	GlobalSection(SolutionConfigurationPlatforms) = preSolution
		Debug|Any CPU = Debug|Any CPU
		Release|Any CPU = Release|Any CPU
	EndGlobalSection
	GlobalSection(ProjectConfigurationPlatforms) = postSolution
		{B0F52BF5-A74A-470E-B3DA-F948416F6103}.Debug|Any CPU.ActiveCfg = Debug|Any CPU
		{B0F52BF5-A74A-470E-B3DA-F948416F6103}.Debug|Any CPU.Build.0 = Debug|Any CPU
		{B0F52BF5-A74A-470E-B3DA-F948416F6103}.Release|Any CPU.ActiveCfg = Release|Any CPU
		{B0F52BF5-A74A-470E-B3DA-F948416F6103}.Release|Any CPU.Build.0 = Release|Any CPU
		{A79E0972-083E-424A-B0D5-7DE048A9F2A8}.Debug|Any CPU.ActiveCfg = Debug|Any CPU
		{A79E0972-083E-424A-B0D5-7DE048A9F2A8}.Debug|Any CPU.Build.0 = Debug|Any CPU
		{A79E0972-083E-424A-B0D5-7DE048A9F2A8}.Release|Any CPU.ActiveCfg = Release|Any CPU
		{A79E0972-083E-424A-B0D5-7DE048A9F2A8}.Release|Any CPU.Build.0 = Release|Any CPU
	EndGlobalSection
	GlobalSection(SolutionProperties) = preSolution
		HideSolutionNode = FALSE
	EndGlobalSection
	GlobalSection(ExtensibilityGlobals) = postSolution
		SolutionGuid = {3AFECCC4-A7F7-4168-A138-964EAA970380}
	EndGlobalSection
EndGlobal
